
Microsoft Visual Studio Solution File, Format Version 12.00
# Visual Studio Version 17
VisualStudioVersion = 17.3.32811.315
MinimumVisualStudioVersion = 10.0.40219.1
Project("{2150E333-8FDC-42A3-9474-1A3956D46DE8}") = "src", "src", "{0A2F74E4-6397-4FD9-8600-29F697AD8ED7}"
EndProject
Project("{2150E333-8FDC-42A3-9474-1A3956D46DE8}") = "corePackages", "corePackages", "{98C25023-DC31-4CC4-9BA9-C3CB16C18F0F}"
EndProject
Project("{2150E333-8FDC-42A3-9474-1A3956D46DE8}") = "demoProjects", "demoProjects", "{E41D9217-B4FE-4C01-A675-70508B69FFCD}"
EndProject
Project("{9A19103F-16F7-4668-BE54-9A1E7A4F7556}") = "Core.Application", "src\corePackages\Core.Application\Core.Application.csproj", "{D47E44DF-5945-415B-963B-A9C6B2D7334C}"
EndProject
Project("{9A19103F-16F7-4668-BE54-9A1E7A4F7556}") = "Core.ElasticSearch", "src\corePackages\Core.ElasticSearch\Core.ElasticSearch.csproj", "{B8B0E6E6-AB89-4ABE-9971-32EC28FF808F}"
EndProject
Project("{9A19103F-16F7-4668-BE54-9A1E7A4F7556}") = "Core.CrossCuttingConcerns", "src\corePackages\Core.CrossCuttingConcerns\Core.CrossCuttingConcerns.csproj", "{A14700E0-C8A1-4DDD-9C0A-E7D44059253C}"
EndProject
Project("{9A19103F-16F7-4668-BE54-9A1E7A4F7556}") = "Core.Mailing", "src\corePackages\Core.Mailing\Core.Mailing.csproj", "{A77A2454-8195-40AB-BBB3-DB8927283E1C}"
EndProject
Project("{9A19103F-16F7-4668-BE54-9A1E7A4F7556}") = "Core.Persistence", "src\corePackages\Core.Persistence\Core.Persistence.csproj", "{5AC45B72-E051-4BDC-A980-A75B04677746}"
EndProject
Project("{9A19103F-16F7-4668-BE54-9A1E7A4F7556}") = "Core.Security", "src\corePackages\Core.Security\Core.Security.csproj", "{8012A7F8-F9D2-42BA-B61A-17EB8A714B26}"
EndProject
Project("{2150E333-8FDC-42A3-9474-1A3956D46DE8}") = "rentACar", "rentACar", "{8A8DD69B-4A04-4566-8B83-C61B13A9432B}"
EndProject
Project("{9A19103F-16F7-4668-BE54-9A1E7A4F7556}") = "Application", "src\demoProjects\rentACar\Application\Application.csproj", "{E33BF76A-6E67-430E-8740-B113F4E47DCD}"
EndProject
Project("{9A19103F-16F7-4668-BE54-9A1E7A4F7556}") = "Infrastructure", "src\demoProjects\rentACar\Infrastructure\Infrastructure.csproj", "{15B5CCD3-AC51-4A4E-9982-9D57A5437719}"
EndProject
Project("{9A19103F-16F7-4668-BE54-9A1E7A4F7556}") = "Domain", "src\demoProjects\rentACar\Domain\Domain.csproj", "{FB227792-AB99-429D-9890-93D408E958A7}"
EndProject
Project("{9A19103F-16F7-4668-BE54-9A1E7A4F7556}") = "Persistence", "src\demoProjects\rentACar\Persistence\Persistence.csproj", "{A09E1C19-5493-451A-9E0C-2C17BED4704A}"
EndProject
Project("{9A19103F-16F7-4668-BE54-9A1E7A4F7556}") = "WebAPI", "src\demoProjects\rentACar\WebAPI\WebAPI.csproj", "{C42C7828-F838-498D-B6E3-B63D88BF7DF6}"
EndProject
Global
	GlobalSection(SolutionConfigurationPlatforms) = preSolution
		Debug|Any CPU = Debug|Any CPU
		Release|Any CPU = Release|Any CPU
	EndGlobalSection
	GlobalSection(ProjectConfigurationPlatforms) = postSolution
		{D47E44DF-5945-415B-963B-A9C6B2D7334C}.Debug|Any CPU.ActiveCfg = Debug|Any CPU
		{D47E44DF-5945-415B-963B-A9C6B2D7334C}.Debug|Any CPU.Build.0 = Debug|Any CPU
		{D47E44DF-5945-415B-963B-A9C6B2D7334C}.Release|Any CPU.ActiveCfg = Release|Any CPU
		{D47E44DF-5945-415B-963B-A9C6B2D7334C}.Release|Any CPU.Build.0 = Release|Any CPU
		{B8B0E6E6-AB89-4ABE-9971-32EC28FF808F}.Debug|Any CPU.ActiveCfg = Debug|Any CPU
		{B8B0E6E6-AB89-4ABE-9971-32EC28FF808F}.Debug|Any CPU.Build.0 = Debug|Any CPU
		{B8B0E6E6-AB89-4ABE-9971-32EC28FF808F}.Release|Any CPU.ActiveCfg = Release|Any CPU
		{B8B0E6E6-AB89-4ABE-9971-32EC28FF808F}.Release|Any CPU.Build.0 = Release|Any CPU
		{A14700E0-C8A1-4DDD-9C0A-E7D44059253C}.Debug|Any CPU.ActiveCfg = Debug|Any CPU
		{A14700E0-C8A1-4DDD-9C0A-E7D44059253C}.Debug|Any CPU.Build.0 = Debug|Any CPU
		{A14700E0-C8A1-4DDD-9C0A-E7D44059253C}.Release|Any CPU.ActiveCfg = Release|Any CPU
		{A14700E0-C8A1-4DDD-9C0A-E7D44059253C}.Release|Any CPU.Build.0 = Release|Any CPU
		{A77A2454-8195-40AB-BBB3-DB8927283E1C}.Debug|Any CPU.ActiveCfg = Debug|Any CPU
		{A77A2454-8195-40AB-BBB3-DB8927283E1C}.Debug|Any CPU.Build.0 = Debug|Any CPU
		{A77A2454-8195-40AB-BBB3-DB8927283E1C}.Release|Any CPU.ActiveCfg = Release|Any CPU
		{A77A2454-8195-40AB-BBB3-DB8927283E1C}.Release|Any CPU.Build.0 = Release|Any CPU
		{5AC45B72-E051-4BDC-A980-A75B04677746}.Debug|Any CPU.ActiveCfg = Debug|Any CPU
		{5AC45B72-E051-4BDC-A980-A75B04677746}.Debug|Any CPU.Build.0 = Debug|Any CPU
		{5AC45B72-E051-4BDC-A980-A75B04677746}.Release|Any CPU.ActiveCfg = Release|Any CPU
		{5AC45B72-E051-4BDC-A980-A75B04677746}.Release|Any CPU.Build.0 = Release|Any CPU
		{8012A7F8-F9D2-42BA-B61A-17EB8A714B26}.Debug|Any CPU.ActiveCfg = Debug|Any CPU
		{8012A7F8-F9D2-42BA-B61A-17EB8A714B26}.Debug|Any CPU.Build.0 = Debug|Any CPU
		{8012A7F8-F9D2-42BA-B61A-17EB8A714B26}.Release|Any CPU.ActiveCfg = Release|Any CPU
		{8012A7F8-F9D2-42BA-B61A-17EB8A714B26}.Release|Any CPU.Build.0 = Release|Any CPU
		{E33BF76A-6E67-430E-8740-B113F4E47DCD}.Debug|Any CPU.ActiveCfg = Debug|Any CPU
		{E33BF76A-6E67-430E-8740-B113F4E47DCD}.Debug|Any CPU.Build.0 = Debug|Any CPU
		{E33BF76A-6E67-430E-8740-B113F4E47DCD}.Release|Any CPU.ActiveCfg = Release|Any CPU
		{E33BF76A-6E67-430E-8740-B113F4E47DCD}.Release|Any CPU.Build.0 = Release|Any CPU
		{15B5CCD3-AC51-4A4E-9982-9D57A5437719}.Debug|Any CPU.ActiveCfg = Debug|Any CPU
		{15B5CCD3-AC51-4A4E-9982-9D57A5437719}.Debug|Any CPU.Build.0 = Debug|Any CPU
		{15B5CCD3-AC51-4A4E-9982-9D57A5437719}.Release|Any CPU.ActiveCfg = Release|Any CPU
		{15B5CCD3-AC51-4A4E-9982-9D57A5437719}.Release|Any CPU.Build.0 = Release|Any CPU
		{FB227792-AB99-429D-9890-93D408E958A7}.Debug|Any CPU.ActiveCfg = Debug|Any CPU
		{FB227792-AB99-429D-9890-93D408E958A7}.Debug|Any CPU.Build.0 = Debug|Any CPU
		{FB227792-AB99-429D-9890-93D408E958A7}.Release|Any CPU.ActiveCfg = Release|Any CPU
		{FB227792-AB99-429D-9890-93D408E958A7}.Release|Any CPU.Build.0 = Release|Any CPU
		{A09E1C19-5493-451A-9E0C-2C17BED4704A}.Debug|Any CPU.ActiveCfg = Debug|Any CPU
		{A09E1C19-5493-451A-9E0C-2C17BED4704A}.Debug|Any CPU.Build.0 = Debug|Any CPU
		{A09E1C19-5493-451A-9E0C-2C17BED4704A}.Release|Any CPU.ActiveCfg = Release|Any CPU
		{A09E1C19-5493-451A-9E0C-2C17BED4704A}.Release|Any CPU.Build.0 = Release|Any CPU
		{C42C7828-F838-498D-B6E3-B63D88BF7DF6}.Debug|Any CPU.ActiveCfg = Debug|Any CPU
		{C42C7828-F838-498D-B6E3-B63D88BF7DF6}.Debug|Any CPU.Build.0 = Debug|Any CPU
		{C42C7828-F838-498D-B6E3-B63D88BF7DF6}.Release|Any CPU.ActiveCfg = Release|Any CPU
		{C42C7828-F838-498D-B6E3-B63D88BF7DF6}.Release|Any CPU.Build.0 = Release|Any CPU
	EndGlobalSection
	GlobalSection(SolutionProperties) = preSolution
		HideSolutionNode = FALSE
	EndGlobalSection
	GlobalSection(NestedProjects) = preSolution
		{98C25023-DC31-4CC4-9BA9-C3CB16C18F0F} = {0A2F74E4-6397-4FD9-8600-29F697AD8ED7}
		{E41D9217-B4FE-4C01-A675-70508B69FFCD} = {0A2F74E4-6397-4FD9-8600-29F697AD8ED7}
		{D47E44DF-5945-415B-963B-A9C6B2D7334C} = {98C25023-DC31-4CC4-9BA9-C3CB16C18F0F}
		{B8B0E6E6-AB89-4ABE-9971-32EC28FF808F} = {98C25023-DC31-4CC4-9BA9-C3CB16C18F0F}
		{A14700E0-C8A1-4DDD-9C0A-E7D44059253C} = {98C25023-DC31-4CC4-9BA9-C3CB16C18F0F}
		{A77A2454-8195-40AB-BBB3-DB8927283E1C} = {98C25023-DC31-4CC4-9BA9-C3CB16C18F0F}
		{5AC45B72-E051-4BDC-A980-A75B04677746} = {98C25023-DC31-4CC4-9BA9-C3CB16C18F0F}
		{8012A7F8-F9D2-42BA-B61A-17EB8A714B26} = {98C25023-DC31-4CC4-9BA9-C3CB16C18F0F}
		{8A8DD69B-4A04-4566-8B83-C61B13A9432B} = {E41D9217-B4FE-4C01-A675-70508B69FFCD}
		{E33BF76A-6E67-430E-8740-B113F4E47DCD} = {8A8DD69B-4A04-4566-8B83-C61B13A9432B}
		{15B5CCD3-AC51-4A4E-9982-9D57A5437719} = {8A8DD69B-4A04-4566-8B83-C61B13A9432B}
		{FB227792-AB99-429D-9890-93D408E958A7} = {8A8DD69B-4A04-4566-8B83-C61B13A9432B}
		{A09E1C19-5493-451A-9E0C-2C17BED4704A} = {8A8DD69B-4A04-4566-8B83-C61B13A9432B}
		{C42C7828-F838-498D-B6E3-B63D88BF7DF6} = {8A8DD69B-4A04-4566-8B83-C61B13A9432B}
	EndGlobalSection
	GlobalSection(ExtensibilityGlobals) = postSolution
		SolutionGuid = {AF540D5B-D4B5-4C66-8D2C-48FB8425455E}
	EndGlobalSection
EndGlobal
